
Microsoft Visual Studio Solution File, Format Version 12.00
# Visual Studio Version 17
VisualStudioVersion = 17.2.32516.85
MinimumVisualStudioVersion = 10.0.40219.1
Project("{FAE04EC0-301F-11D3-BF4B-00C04F79EFBC}") = "MentorTask", "MentorTask\MentorTask.csproj", "{3333B5FB-B377-4CAF-B6D9-FE5823E73F33}"
EndProject
Global
	GlobalSection(SolutionConfigurationPlatforms) = preSolution
		Debug|Any CPU = Debug|Any CPU
		Release|Any CPU = Release|Any CPU
	EndGlobalSection
	GlobalSection(ProjectConfigurationPlatforms) = postSolution
		{3333B5FB-B377-4CAF-B6D9-FE5823E73F33}.Debug|Any CPU.ActiveCfg = Debug|Any CPU
		{3333B5FB-B377-4CAF-B6D9-FE5823E73F33}.Debug|Any CPU.Build.0 = Debug|Any CPU
		{3333B5FB-B377-4CAF-B6D9-FE5823E73F33}.Release|Any CPU.ActiveCfg = Release|Any CPU
		{3333B5FB-B377-4CAF-B6D9-FE5823E73F33}.Release|Any CPU.Build.0 = Release|Any CPU
	EndGlobalSection
	GlobalSection(SolutionProperties) = preSolution
		HideSolutionNode = FALSE
	EndGlobalSection
	GlobalSection(ExtensibilityGlobals) = postSolution
		SolutionGuid = {1C8A2589-2777-44A9-918D-4A9EF5149BD9}
	EndGlobalSection
EndGlobal
