
Microsoft Visual Studio Solution File, Format Version 12.00
# Visual Studio Version 17
VisualStudioVersion = 17.2.32516.85
MinimumVisualStudioVersion = 10.0.40219.1
Project("{FAE04EC0-301F-11D3-BF4B-00C04F79EFBC}") = "Classs", "Classs\Classs.csproj", "{CD907E25-0DB4-4E14-9BFB-5D4D6FBBAB71}"
EndProject
Global
	GlobalSection(SolutionConfigurationPlatforms) = preSolution
		Debug|Any CPU = Debug|Any CPU
		Release|Any CPU = Release|Any CPU
	EndGlobalSection
	GlobalSection(ProjectConfigurationPlatforms) = postSolution
		{CD907E25-0DB4-4E14-9BFB-5D4D6FBBAB71}.Debug|Any CPU.ActiveCfg = Debug|Any CPU
		{CD907E25-0DB4-4E14-9BFB-5D4D6FBBAB71}.Debug|Any CPU.Build.0 = Debug|Any CPU
		{CD907E25-0DB4-4E14-9BFB-5D4D6FBBAB71}.Release|Any CPU.ActiveCfg = Release|Any CPU
		{CD907E25-0DB4-4E14-9BFB-5D4D6FBBAB71}.Release|Any CPU.Build.0 = Release|Any CPU
	EndGlobalSection
	GlobalSection(SolutionProperties) = preSolution
		HideSolutionNode = FALSE
	EndGlobalSection
	GlobalSection(ExtensibilityGlobals) = postSolution
		SolutionGuid = {85B3C84C-65F9-4414-B1DA-7753D9298077}
	EndGlobalSection
EndGlobal
