
Microsoft Visual Studio Solution File, Format Version 12.00
# Visual Studio Version 17
VisualStudioVersion = 17.2.32516.85
MinimumVisualStudioVersion = 10.0.40219.1
Project("{FAE04EC0-301F-11D3-BF4B-00C04F79EFBC}") = "Methods", "Methods\Methods.csproj", "{CACDF206-29D6-4285-9C94-328D2512626F}"
EndProject
Global
	GlobalSection(SolutionConfigurationPlatforms) = preSolution
		Debug|Any CPU = Debug|Any CPU
		Release|Any CPU = Release|Any CPU
	EndGlobalSection
	GlobalSection(ProjectConfigurationPlatforms) = postSolution
		{CACDF206-29D6-4285-9C94-328D2512626F}.Debug|Any CPU.ActiveCfg = Debug|Any CPU
		{CACDF206-29D6-4285-9C94-328D2512626F}.Debug|Any CPU.Build.0 = Debug|Any CPU
		{CACDF206-29D6-4285-9C94-328D2512626F}.Release|Any CPU.ActiveCfg = Release|Any CPU
		{CACDF206-29D6-4285-9C94-328D2512626F}.Release|Any CPU.Build.0 = Release|Any CPU
	EndGlobalSection
	GlobalSection(SolutionProperties) = preSolution
		HideSolutionNode = FALSE
	EndGlobalSection
	GlobalSection(ExtensibilityGlobals) = postSolution
		SolutionGuid = {C24C3CA0-5AB9-4EA8-ADB5-4767FAA23FDB}
	EndGlobalSection
EndGlobal
