
Microsoft Visual Studio Solution File, Format Version 12.00
# Visual Studio Version 17
VisualStudioVersion = 17.2.32516.85
MinimumVisualStudioVersion = 10.0.40219.1
Project("{FAE04EC0-301F-11D3-BF4B-00C04F79EFBC}") = "String methods", "String methods\String methods.csproj", "{621A83D9-C2F6-49E9-AC34-86C9CD87B004}"
EndProject
Global
	GlobalSection(SolutionConfigurationPlatforms) = preSolution
		Debug|Any CPU = Debug|Any CPU
		Release|Any CPU = Release|Any CPU
	EndGlobalSection
	GlobalSection(ProjectConfigurationPlatforms) = postSolution
		{621A83D9-C2F6-49E9-AC34-86C9CD87B004}.Debug|Any CPU.ActiveCfg = Debug|Any CPU
		{621A83D9-C2F6-49E9-AC34-86C9CD87B004}.Debug|Any CPU.Build.0 = Debug|Any CPU
		{621A83D9-C2F6-49E9-AC34-86C9CD87B004}.Release|Any CPU.ActiveCfg = Release|Any CPU
		{621A83D9-C2F6-49E9-AC34-86C9CD87B004}.Release|Any CPU.Build.0 = Release|Any CPU
	EndGlobalSection
	GlobalSection(SolutionProperties) = preSolution
		HideSolutionNode = FALSE
	EndGlobalSection
	GlobalSection(ExtensibilityGlobals) = postSolution
		SolutionGuid = {2EFB8A34-FF34-4EC4-A10F-B8020AEBFB23}
	EndGlobalSection
EndGlobal
